
Microsoft Visual Studio Solution File, Format Version 12.00
# Visual Studio 15
VisualStudioVersion = 15.0.27703.2035
MinimumVisualStudioVersion = 10.0.40219.1
Project("{F184B08F-C81C-45F6-A57F-5ABD9991F28F}") = "WindowsApp20", "WindowsApp20\WindowsApp20.vbproj", "{869F5016-4706-4640-AF52-E69FE1AFC475}"
EndProject
Global
	GlobalSection(SolutionConfigurationPlatforms) = preSolution
		Debug|Any CPU = Debug|Any CPU
		Release|Any CPU = Release|Any CPU
	EndGlobalSection
	GlobalSection(ProjectConfigurationPlatforms) = postSolution
		{869F5016-4706-4640-AF52-E69FE1AFC475}.Debug|Any CPU.ActiveCfg = Debug|Any CPU
		{869F5016-4706-4640-AF52-E69FE1AFC475}.Debug|Any CPU.Build.0 = Debug|Any CPU
		{869F5016-4706-4640-AF52-E69FE1AFC475}.Release|Any CPU.ActiveCfg = Release|Any CPU
		{869F5016-4706-4640-AF52-E69FE1AFC475}.Release|Any CPU.Build.0 = Release|Any CPU
	EndGlobalSection
	GlobalSection(SolutionProperties) = preSolution
		HideSolutionNode = FALSE
	EndGlobalSection
	GlobalSection(ExtensibilityGlobals) = postSolution
		SolutionGuid = {FBD0F25C-2626-429C-91D5-527A473E7F50}
	EndGlobalSection
EndGlobal
